{
  "nodes": {
    "nixpkgs": {
      "locked": {
        "lastModified": 1634661806,
        "narHash": "sha256-fBuR7EZ67UOdNt3gEwhoyWJ6zJtXh4kuupIALRcx/7I=",
        "owner": "NixOS",
        "repo": "nixpkgs",
        "rev": "8fe3b97ef4527ac88d03ea33e0789f3512e01adc",
        "type": "github"
      },
      "original": {
        "owner": "NixOS",
        "ref": "nixos-21.05",
        "repo": "nixpkgs",
        "type": "github"
      }
    },
    "nixpkgs_2": {
      "locked": {
        "lastModified": 1634661806,
        "narHash": "sha256-fBuR7EZ67UOdNt3gEwhoyWJ6zJtXh4kuupIALRcx/7I=",
        "owner": "NixOS",
        "repo": "nixpkgs",
        "rev": "8fe3b97ef4527ac88d03ea33e0789f3512e01adc",
        "type": "github"
      },
      "original": {
        "owner": "NixOS",
        "ref": "nixos-21.05",
        "repo": "nixpkgs",
        "type": "github"
      }
    },
    "nixpkgs_3": {
      "locked": {
        "lastModified": 1625223284,
        "narHash": "sha256-jjLcDSU1rRiJb+n3uez23XAa7kbnPcGZTa6jIKh1GMQ=",
        "owner": "NixOS",
        "repo": "nixpkgs",
        "rev": "357d2c8f6087685fe35cb1889a005a4dd4cce7b8",
        "type": "github"
      },
      "original": {
        "owner": "NixOS",
        "ref": "nixpkgs-unstable",
        "repo": "nixpkgs",
        "type": "github"
      }
    },
    "nixpkgs_4": {
      "locked": {
        "lastModified": 1634551044,
        "narHash": "sha256-HOHemrQt3wA7eS5YT8n+X0OdB9+X4O08YUPTrFMBG60=",
        "owner": "nixos",
        "repo": "nixpkgs",
        "rev": "f001876680c0e32a89bced8d02d2c61250684e17",
        "type": "github"
      },
      "original": {
        "owner": "nixos",
        "ref": "nixos-21.05",
        "repo": "nixpkgs",
        "type": "github"
      }
    },
    "nixpkgs_5": {
      "locked": {
        "lastModified": 1632418649,
        "narHash": "sha256-4rZspkiQU7zbsuciRRMgoEPkAF/+FSv2jx/VIPxPVx4=",
        "owner": "NixOS",
        "repo": "nixpkgs",
        "rev": "056a3c1fae30d06d14b171b9023743c21a23ec1a",
        "type": "github"
      },
      "original": {
        "owner": "NixOS",
        "ref": "nixos-21.05",
        "repo": "nixpkgs",
        "type": "github"
      }
    },
    "rgrunbla-pkgs": {
      "inputs": {
        "nixpkgs": "nixpkgs_2"
      },
      "locked": {
        "lastModified": 1634741945,
        "narHash": "sha256-MBjHXl+Ll3yiTskmrxk1a9BRiiR0mqiYF0pnd8yO08U=",
        "owner": "rgrunbla",
        "repo": "Flakes",
        "rev": "c3710de959496113bd23d724a98314f7ba2136cf",
        "type": "github"
      },
      "original": {
        "owner": "rgrunbla",
        "repo": "Flakes",
        "type": "github"
      }
    },
    "rgrunbla-pkgs_2": {
      "inputs": {
        "nixpkgs": "nixpkgs_5"
      },
      "locked": {
        "lastModified": 1633509638,
        "narHash": "sha256-P0H99wMME3FfY2oVxKc1SfhnbVLYzhlI0b7/uL9Fkog=",
        "owner": "rgrunbla",
        "repo": "Flakes",
        "rev": "2761fd6f4a12546daa72a5db93554494468af3a6",
        "type": "github"
      },
      "original": {
        "owner": "rgrunbla",
        "repo": "Flakes",
        "type": "github"
      }
    },
    "root": {
      "inputs": {
        "nixpkgs": "nixpkgs",
        "rgrunbla-pkgs": "rgrunbla-pkgs",
        "sops-nix": "sops-nix",
        "vm": "vm"
      }
    },
    "sops-nix": {
      "inputs": {
        "nixpkgs": "nixpkgs_3"
      },
      "locked": {
        "lastModified": 1633273832,
        "narHash": "sha256-oOjpMVYpkIUpiML61PeqTk+sg4juRvF7P6jroI/YvTw=",
        "owner": "Mic92",
        "repo": "sops-nix",
        "rev": "2e86e1698d53e5bd71d9de5f8b7e8f2f5458633c",
        "type": "github"
      },
      "original": {
        "owner": "Mic92",
        "repo": "sops-nix",
        "type": "github"
      }
    },
    "vm": {
      "inputs": {
        "nixpkgs": "nixpkgs_4",
        "rgrunbla-pkgs": "rgrunbla-pkgs_2"
      },
      "locked": {
        "lastModified": 1634652766,
        "narHash": "sha256-4on8GiDB3O3WDukCWfu63oh3Pc7vEZKuAiXCJLBGlRA=",
        "owner": "sisyphe-re",
        "repo": "VM",
        "rev": "682d2e88264295146d3ccefee8574d3ba8bf4dd0",
        "type": "github"
      },
      "original": {
        "owner": "sisyphe-re",
        "repo": "VM",
        "type": "github"
      }
    }
  },
  "root": "root",
  "version": 7
}
