{
  "nodes": {
    "django-toolbox": {
      "inputs": {
        "nixpkgs": "nixpkgs"
      },
      "locked": {
        "lastModified": 1624183097,
        "narHash": "sha256-9TYJsLdv6y/iHatnDyAmrY/a4xcL9w9WwGYqgJSnV0Q=",
        "owner": "sisyphe-re",
        "repo": "django-toolbox",
        "rev": "7d174a88f658feb3b770920a141f79d4456ab41e",
        "type": "github"
      },
      "original": {
        "owner": "sisyphe-re",
        "repo": "django-toolbox",
        "type": "github"
      }
    },
    "nixpkgs": {
      "locked": {
        "lastModified": 1623961232,
        "narHash": "sha256-5X5v37GTBFdQnc3rvbSPJyAtO+/z1wHZF3Kz61g2Mx4=",
        "owner": "NixOS",
        "repo": "nixpkgs",
        "rev": "bad3ccd099ebe9a8aa017bda8500ab02787d90aa",
        "type": "github"
      },
      "original": {
        "owner": "NixOS",
        "ref": "nixos-21.05",
        "repo": "nixpkgs",
        "type": "github"
      }
    },
    "nixpkgs_2": {
      "locked": {
        "lastModified": 1625176478,
        "narHash": "sha256-s1RTYNKw7ySyqrZjns9Cq+Nnjpp75ePgL06pgcbIpoA=",
        "owner": "NixOS",
        "repo": "nixpkgs",
        "rev": "21b696caf392ad6fa513caf3327d0aa0430ffb72",
        "type": "github"
      },
      "original": {
        "owner": "NixOS",
        "ref": "nixos-21.05",
        "repo": "nixpkgs",
        "type": "github"
      }
    },
    "nixpkgs_3": {
      "locked": {
        "lastModified": 1625223284,
        "narHash": "sha256-jjLcDSU1rRiJb+n3uez23XAa7kbnPcGZTa6jIKh1GMQ=",
        "owner": "NixOS",
        "repo": "nixpkgs",
        "rev": "357d2c8f6087685fe35cb1889a005a4dd4cce7b8",
        "type": "github"
      },
      "original": {
        "owner": "NixOS",
        "ref": "nixpkgs-unstable",
        "repo": "nixpkgs",
        "type": "github"
      }
    },
    "root": {
      "inputs": {
        "django-toolbox": "django-toolbox",
        "nixpkgs": "nixpkgs_2",
        "sops-nix": "sops-nix"
      }
    },
    "sops-nix": {
      "inputs": {
        "nixpkgs": "nixpkgs_3"
      },
      "locked": {
        "lastModified": 1625298167,
        "narHash": "sha256-lBqu1iY60leqHkrliNUsB7TPe8p6H+NcFEfKN1l1AuE=",
        "owner": "Mic92",
        "repo": "sops-nix",
        "rev": "c4f7025e5d20af51b4803d7b43f23daf06906138",
        "type": "github"
      },
      "original": {
        "owner": "Mic92",
        "repo": "sops-nix",
        "type": "github"
      }
    }
  },
  "root": "root",
  "version": 7
}
